
Microsoft Visual Studio Solution File, Format Version 12.00
# Visual Studio Version 17
VisualStudioVersion = 17.14.36623.8
MinimumVisualStudioVersion = 10.0.40219.1
Project("{FAE04EC0-301F-11D3-BF4B-00C04F79EFBC}") = "ValidationFramework", "ValidationFramework\ValidationFramework.csproj", "{B6E56E22-5C58-4D6B-9423-DBB17D5A5780}"
EndProject
Project("{FAE04EC0-301F-11D3-BF4B-00C04F79EFBC}") = "ValidationFramework.Demo", "ValidationFramework.Demo\ValidationFramework.Demo.csproj", "{D4BA6407-612C-499F-A3BD-EC334BD939AE}"
EndProject
Project("{FAE04EC0-301F-11D3-BF4B-00C04F79EFBC}") = "ValidationFramework.Demo.Winforms", "ValidationFramework.Demo.Winforms\ValidationFramework.Demo.Winforms.csproj", "{3E9414C1-651D-48B0-845D-EBC845C46B30}"
EndProject
Project("{FAE04EC0-301F-11D3-BF4B-00C04F79EFBC}") = "ValidationFramework.Demo.WinUI", "ValidationFramework.Demo.WinUI\ValidationFramework.Demo.WinUI.csproj", "{DC5DF6AC-17B5-4A52-9B21-569B6D25B9A2}"
EndProject
Global
	GlobalSection(SolutionConfigurationPlatforms) = preSolution
		Debug|Any CPU = Debug|Any CPU
		Release|Any CPU = Release|Any CPU
	EndGlobalSection
	GlobalSection(ProjectConfigurationPlatforms) = postSolution
		{B6E56E22-5C58-4D6B-9423-DBB17D5A5780}.Debug|Any CPU.ActiveCfg = Debug|Any CPU
		{B6E56E22-5C58-4D6B-9423-DBB17D5A5780}.Debug|Any CPU.Build.0 = Debug|Any CPU
		{B6E56E22-5C58-4D6B-9423-DBB17D5A5780}.Release|Any CPU.ActiveCfg = Release|Any CPU
		{B6E56E22-5C58-4D6B-9423-DBB17D5A5780}.Release|Any CPU.Build.0 = Release|Any CPU
		{D4BA6407-612C-499F-A3BD-EC334BD939AE}.Debug|Any CPU.ActiveCfg = Debug|Any CPU
		{D4BA6407-612C-499F-A3BD-EC334BD939AE}.Debug|Any CPU.Build.0 = Debug|Any CPU
		{D4BA6407-612C-499F-A3BD-EC334BD939AE}.Release|Any CPU.ActiveCfg = Release|Any CPU
		{D4BA6407-612C-499F-A3BD-EC334BD939AE}.Release|Any CPU.Build.0 = Release|Any CPU
		{3E9414C1-651D-48B0-845D-EBC845C46B30}.Debug|Any CPU.ActiveCfg = Debug|Any CPU
		{3E9414C1-651D-48B0-845D-EBC845C46B30}.Debug|Any CPU.Build.0 = Debug|Any CPU
		{3E9414C1-651D-48B0-845D-EBC845C46B30}.Release|Any CPU.ActiveCfg = Release|Any CPU
		{3E9414C1-651D-48B0-845D-EBC845C46B30}.Release|Any CPU.Build.0 = Release|Any CPU
		{DC5DF6AC-17B5-4A52-9B21-569B6D25B9A2}.Debug|Any CPU.ActiveCfg = Debug|x64
		{DC5DF6AC-17B5-4A52-9B21-569B6D25B9A2}.Debug|Any CPU.Build.0 = Debug|x64
		{DC5DF6AC-17B5-4A52-9B21-569B6D25B9A2}.Debug|Any CPU.Deploy.0 = Debug|x64
		{DC5DF6AC-17B5-4A52-9B21-569B6D25B9A2}.Release|Any CPU.ActiveCfg = Release|x64
		{DC5DF6AC-17B5-4A52-9B21-569B6D25B9A2}.Release|Any CPU.Build.0 = Release|x64
		{DC5DF6AC-17B5-4A52-9B21-569B6D25B9A2}.Release|Any CPU.Deploy.0 = Release|x64
	EndGlobalSection
	GlobalSection(SolutionProperties) = preSolution
		HideSolutionNode = FALSE
	EndGlobalSection
	GlobalSection(ExtensibilityGlobals) = postSolution
		SolutionGuid = {93BE061C-A018-48B1-84C6-46FE5D1E6407}
	EndGlobalSection
EndGlobal
